
Microsoft Visual Studio Solution File, Format Version 12.00
# Visual Studio Version 17
VisualStudioVersion = 17.3.32901.215
MinimumVisualStudioVersion = 10.0.40219.1
Project("{9A19103F-16F7-4668-BE54-9A1E7A4F7556}") = "Utilities", "Utilities\Utilities.csproj", "{8D4A21C0-03B6-4AEF-B6EA-6853360CC53E}"
EndProject
Project("{9A19103F-16F7-4668-BE54-9A1E7A4F7556}") = "UtilitiesTests", "UtilitiesTests\UtilitiesTests.csproj", "{F622CAE0-0AA3-4304-A33C-42A410653133}"
EndProject
Project("{9A19103F-16F7-4668-BE54-9A1E7A4F7556}") = "CSV_To_DB", "CSV To DB\CSV_To_DB.csproj", "{F5E2F057-70B4-463D-B6A2-5428C487BF11}"
EndProject
Global
	GlobalSection(SolutionConfigurationPlatforms) = preSolution
		Debug|Any CPU = Debug|Any CPU
		Release|Any CPU = Release|Any CPU
	EndGlobalSection
	GlobalSection(ProjectConfigurationPlatforms) = postSolution
		{8D4A21C0-03B6-4AEF-B6EA-6853360CC53E}.Debug|Any CPU.ActiveCfg = Debug|Any CPU
		{8D4A21C0-03B6-4AEF-B6EA-6853360CC53E}.Debug|Any CPU.Build.0 = Debug|Any CPU
		{8D4A21C0-03B6-4AEF-B6EA-6853360CC53E}.Release|Any CPU.ActiveCfg = Release|Any CPU
		{8D4A21C0-03B6-4AEF-B6EA-6853360CC53E}.Release|Any CPU.Build.0 = Release|Any CPU
		{F622CAE0-0AA3-4304-A33C-42A410653133}.Debug|Any CPU.ActiveCfg = Debug|Any CPU
		{F622CAE0-0AA3-4304-A33C-42A410653133}.Debug|Any CPU.Build.0 = Debug|Any CPU
		{F622CAE0-0AA3-4304-A33C-42A410653133}.Release|Any CPU.ActiveCfg = Release|Any CPU
		{F622CAE0-0AA3-4304-A33C-42A410653133}.Release|Any CPU.Build.0 = Release|Any CPU
		{F5E2F057-70B4-463D-B6A2-5428C487BF11}.Debug|Any CPU.ActiveCfg = Debug|Any CPU
		{F5E2F057-70B4-463D-B6A2-5428C487BF11}.Debug|Any CPU.Build.0 = Debug|Any CPU
		{F5E2F057-70B4-463D-B6A2-5428C487BF11}.Release|Any CPU.ActiveCfg = Release|Any CPU
		{F5E2F057-70B4-463D-B6A2-5428C487BF11}.Release|Any CPU.Build.0 = Release|Any CPU
	EndGlobalSection
	GlobalSection(SolutionProperties) = preSolution
		HideSolutionNode = FALSE
	EndGlobalSection
	GlobalSection(ExtensibilityGlobals) = postSolution
		SolutionGuid = {B5BEAB43-DF6C-44A1-A17D-43C34778A9BB}
	EndGlobalSection
EndGlobal
